
Microsoft Visual Studio Solution File, Format Version 12.00
# Visual Studio Version 16
VisualStudioVersion = 16.0.29613.14
MinimumVisualStudioVersion = 10.0.40219.1
Project("{FAE04EC0-301F-11D3-BF4B-00C04F79EFBC}") = "Role", "Role\Role.csproj", "{7AD4AB00-FBC8-450D-BCBB-6FEE42D3B023}"
EndProject
Global
	GlobalSection(SolutionConfigurationPlatforms) = preSolution
		Debug|Any CPU = Debug|Any CPU
		Release|Any CPU = Release|Any CPU
	EndGlobalSection
	GlobalSection(ProjectConfigurationPlatforms) = postSolution
		{7AD4AB00-FBC8-450D-BCBB-6FEE42D3B023}.Debug|Any CPU.ActiveCfg = Debug|Any CPU
		{7AD4AB00-FBC8-450D-BCBB-6FEE42D3B023}.Debug|Any CPU.Build.0 = Debug|Any CPU
		{7AD4AB00-FBC8-450D-BCBB-6FEE42D3B023}.Release|Any CPU.ActiveCfg = Release|Any CPU
		{7AD4AB00-FBC8-450D-BCBB-6FEE42D3B023}.Release|Any CPU.Build.0 = Release|Any CPU
	EndGlobalSection
	GlobalSection(SolutionProperties) = preSolution
		HideSolutionNode = FALSE
	EndGlobalSection
	GlobalSection(ExtensibilityGlobals) = postSolution
		SolutionGuid = {36B30301-F5AA-46F9-9EB1-2E7B6702BED8}
	EndGlobalSection
EndGlobal
